
Microsoft Visual Studio Solution File, Format Version 12.00
# Visual Studio Version 16
VisualStudioVersion = 16.0.31129.286
MinimumVisualStudioVersion = 10.0.40219.1
Project("{FAE04EC0-301F-11D3-BF4B-00C04F79EFBC}") = "ConsoleApp4", "ConsoleApp4\ConsoleApp4.csproj", "{253042EA-DE6A-4725-B6BB-6C97DC4448EC}"
EndProject
Global
	GlobalSection(SolutionConfigurationPlatforms) = preSolution
		Debug|Any CPU = Debug|Any CPU
		Release|Any CPU = Release|Any CPU
	EndGlobalSection
	GlobalSection(ProjectConfigurationPlatforms) = postSolution
		{253042EA-DE6A-4725-B6BB-6C97DC4448EC}.Debug|Any CPU.ActiveCfg = Debug|Any CPU
		{253042EA-DE6A-4725-B6BB-6C97DC4448EC}.Debug|Any CPU.Build.0 = Debug|Any CPU
		{253042EA-DE6A-4725-B6BB-6C97DC4448EC}.Release|Any CPU.ActiveCfg = Release|Any CPU
		{253042EA-DE6A-4725-B6BB-6C97DC4448EC}.Release|Any CPU.Build.0 = Release|Any CPU
	EndGlobalSection
	GlobalSection(SolutionProperties) = preSolution
		HideSolutionNode = FALSE
	EndGlobalSection
	GlobalSection(ExtensibilityGlobals) = postSolution
		SolutionGuid = {5F5918D5-9442-4471-880B-8EB4A8B81B17}
	EndGlobalSection
EndGlobal
